<?xml version="1.0" encoding="utf-8"?>
<Project ToolsVersion="4.0" xmlns="http://schemas.microsoft.com/developer/msbuild/2003">
  <ItemGroup>
    <Filter Include="Source Files">
      <UniqueIdentifier>{4FC737F1-C7A5-4376-A066-2A32D752A2FF}</UniqueIdentifier>
      <Extensions>cpp;c;cc;cxx;def;odl;idl;hpj;bat;asm;asmx</Extensions>
    </Filter>
    <Filter Include="Header Files">
      <UniqueIdentifier>{93995380-89BD-4b04-88EB-625FBE52EBFB}</UniqueIdentifier>
      <Extensions>h;hpp;hxx;hm;inl;inc;xsd</Extensions>
    </Filter>
    <Filter Include="Resource Files">
      <UniqueIdentifier>{67DA6AB6-F800-4c08-8B7A-83BB121AAD01}</UniqueIdentifier>
      <Extensions>rc;ico;cur;bmp;dlg;rc2;rct;bin;rgs;gif;jpg;jpeg;jpe;resx;tiff;tif;png;wav;mfcribbon-ms</Extensions>
    </Filter>
    <Filter Include="Header Files\EulerAngles">
      <UniqueIdentifier>{7cf45be3-322e-4155-bfa0-65d5aa839615}</UniqueIdentifier>
    </Filter>
    <Filter Include="Header Files\Rift">
      <UniqueIdentifier>{b31c14f9-249a-46cc-a7f8-f9f48b64ddfb}</UniqueIdentifier>
    </Filter>
    <Filter Include="Header Files\Filters">
      <UniqueIdentifier>{9c6a6ec3-2e2b-47b0-9765-5cb973d3c4ea}</UniqueIdentifier>
    </Filter>
    <Filter Include="Header Files\Samples">
      <UniqueIdentifier>{5d454d94-4dfa-49b1-b8a6-17f53d32ae52}</UniqueIdentifier>
    </Filter>
    <Filter Include="Header Files\Events">
      <UniqueIdentifier>{402e18ff-bb16-4f29-ae1f-e4e79cf72a35}</UniqueIdentifier>
    </Filter>
    <Filter Include="Header Files\Events\Interfaces">
      <UniqueIdentifier>{425a77aa-16e3-401e-9ea9-1af4bcd1925a}</UniqueIdentifier>
    </Filter>
    <Filter Include="Header Files\Events\Interfaces\Thesh">
      <UniqueIdentifier>{769dc109-73d4-4b8c-9e9f-fa2fee42dee5}</UniqueIdentifier>
    </Filter>
    <Filter Include="Header Files\Events\Interfaces\Pedo">
      <UniqueIdentifier>{d30a4e39-f545-416d-86ac-ecbae1738e20}</UniqueIdentifier>
    </Filter>
    <Filter Include="Header Files\Events\Pedometer">
      <UniqueIdentifier>{d0475bdb-3cc3-494a-ba21-96b96334e918}</UniqueIdentifier>
    </Filter>
    <Filter Include="Header Files\Events\VirtOrient">
      <UniqueIdentifier>{e63f4f75-cd25-408e-8f7b-d3fc23939afa}</UniqueIdentifier>
    </Filter>
    <Filter Include="Source Files\Event">
      <UniqueIdentifier>{3adbdcc1-5e6d-4deb-ad2c-0d5b8cba2360}</UniqueIdentifier>
    </Filter>
    <Filter Include="Source Files\Filter">
      <UniqueIdentifier>{5cfa6520-4b73-4ab0-9b60-89a8f9ff8b4b}</UniqueIdentifier>
    </Filter>
    <Filter Include="Source Files\Orient">
      <UniqueIdentifier>{04b30af6-3154-473f-8fa3-4378719376e7}</UniqueIdentifier>
    </Filter>
    <Filter Include="Source Files\Pedo">
      <UniqueIdentifier>{b235f79b-bc3e-4263-8ef4-9e451f6da3ef}</UniqueIdentifier>
    </Filter>
    <Filter Include="Source Files\Rift">
      <UniqueIdentifier>{e4061b59-9d06-4544-9359-121ba05c08a8}</UniqueIdentifier>
    </Filter>
  </ItemGroup>
  <ItemGroup>
    <ClCompile Include="main.cpp">
      <Filter>Source Files</Filter>
    </ClCompile>
    <ClCompile Include="Samples.cpp">
      <Filter>Source Files</Filter>
    </ClCompile>
    <ClCompile Include="EventInterfacing.cpp">
      <Filter>Source Files\Event</Filter>
    </ClCompile>
    <ClCompile Include="EventInterfacing1.cpp">
      <Filter>Source Files\Event</Filter>
    </ClCompile>
    <ClCompile Include="filter.cpp">
      <Filter>Source Files\Filter</Filter>
    </ClCompile>
    <ClCompile Include="OrientationList.cpp">
      <Filter>Source Files\Orient</Filter>
    </ClCompile>
    <ClCompile Include="RVC.cpp">
      <Filter>Source Files\Rift</Filter>
    </ClCompile>
    <ClCompile Include="Pedometer.cpp">
      <Filter>Source Files\Pedo</Filter>
    </ClCompile>
  </ItemGroup>
  <ItemGroup>
    <ClInclude Include="EventInterfacing.h">
      <Filter>Header Files\Events</Filter>
    </ClInclude>
    <ClInclude Include="EventInterfacing1.h">
      <Filter>Header Files\Events</Filter>
    </ClInclude>
    <ClInclude Include="EulerAngles.h">
      <Filter>Header Files\EulerAngles</Filter>
    </ClInclude>
    <ClInclude Include="OrientationList.h">
      <Filter>Header Files\Events\VirtOrient</Filter>
    </ClInclude>
    <ClInclude Include="RVC.h">
      <Filter>Header Files\Rift</Filter>
    </ClInclude>
    <ClInclude Include="RVCInterface.h">
      <Filter>Header Files\Rift</Filter>
    </ClInclude>
    <ClInclude Include="filter.h">
      <Filter>Header Files\Filters</Filter>
    </ClInclude>
    <ClInclude Include="Samples.h">
      <Filter>Header Files\Samples</Filter>
    </ClInclude>
    <ClInclude Include="Pedometer.h">
      <Filter>Header Files\Events\Pedometer</Filter>
    </ClInclude>
    <ClInclude Include="IPedo.h">
      <Filter>Header Files\Events\Interfaces\Pedo</Filter>
    </ClInclude>
    <ClInclude Include="IEvent.h">
      <Filter>Header Files\Events\Interfaces</Filter>
    </ClInclude>
    <ClInclude Include="IThresh.h">
      <Filter>Header Files\Events\Interfaces\Thesh</Filter>
    </ClInclude>
    <ClInclude Include="OListInterface.h">
      <Filter>Header Files\Events\Interfaces</Filter>
    </ClInclude>
  </ItemGroup>
  <ItemGroup>
    <None Include="OList.txt">
      <Filter>Resource Files</Filter>
    </None>
  </ItemGroup>
</Project>